[[package]]
name = "factori"
version = "0.0.1"
dependencies = [
 "mashup 0.1.4 (registry+https://github.com/rust-lang/crates.io-index)",
]

[[package]]
name = "mashup"
version = "0.1.4"
source = "registry+https://github.com/rust-lang/crates.io-index"
dependencies = [
 "mashup-impl 0.1.4 (registry+https://github.com/rust-lang/crates.io-index)",
 "proc-macro-hack 0.4.0 (registry+https://github.com/rust-lang/crates.io-index)",
]

[[package]]
name = "mashup-impl"
version = "0.1.4"
source = "registry+https://github.com/rust-lang/crates.io-index"
dependencies = [
 "proc-macro-hack 0.4.0 (registry+https://github.com/rust-lang/crates.io-index)",
 "proc-macro2 0.4.6 (registry+https://github.com/rust-lang/crates.io-index)",
]

[[package]]
name = "proc-macro-hack"
version = "0.4.0"
source = "registry+https://github.com/rust-lang/crates.io-index"
dependencies = [
 "proc-macro-hack-impl 0.4.0 (registry+https://github.com/rust-lang/crates.io-index)",
]

[[package]]
name = "proc-macro-hack-impl"
version = "0.4.0"
source = "registry+https://github.com/rust-lang/crates.io-index"

[[package]]
name = "proc-macro2"
version = "0.4.6"
source = "registry+https://github.com/rust-lang/crates.io-index"
dependencies = [
 "unicode-xid 0.1.0 (registry+https://github.com/rust-lang/crates.io-index)",
]

[[package]]
name = "unicode-xid"
version = "0.1.0"
source = "registry+https://github.com/rust-lang/crates.io-index"

[metadata]
"checksum mashup 0.1.4 (registry+https://github.com/rust-lang/crates.io-index)" = "6836cb51d56a2450c094b143d7bd278361229b4102f6a54e354ba977998f7efd"
"checksum mashup-impl 0.1.4 (registry+https://github.com/rust-lang/crates.io-index)" = "27621b302788391a9352e7d573dedd9abc8ab5b12c54c67d02d5312e1d21bdea"
"checksum proc-macro-hack 0.4.0 (registry+https://github.com/rust-lang/crates.io-index)" = "3ba8d4f9257b85eb6cdf13f055cea3190520aab1409ca2ab43493ea4820c25f0"
"checksum proc-macro-hack-impl 0.4.0 (registry+https://github.com/rust-lang/crates.io-index)" = "d5cb6f960ad471404618e9817c0e5d10b1ae74cfdf01fab89ea0641fe7fb2892"
"checksum proc-macro2 0.4.6 (registry+https://github.com/rust-lang/crates.io-index)" = "effdb53b25cdad54f8f48843d67398f7ef2e14f12c1b4cb4effc549a6462a4d6"
"checksum unicode-xid 0.1.0 (registry+https://github.com/rust-lang/crates.io-index)" = "fc72304796d0818e357ead4e000d19c9c174ab23dc11093ac919054d20a6a7fc"
